
Microsoft Visual Studio Solution File, Format Version 12.00
# Visual Studio Version 17
VisualStudioVersion = 17.14.36511.14
MinimumVisualStudioVersion = 10.0.40219.1
Project("{2150E333-8FDC-42A3-9474-1A3956D46DE8}") = "Task0", "Task0", "{02EA681E-C7D8-13C7-8484-4AC65E1B71E8}"
EndProject
Project("{FAE04EC0-301F-11D3-BF4B-00C04F79EFBC}") = "Tyuiu.DolganovAV.Sprint4.Task0.V1", "Tyuiu.DolganovAV.Sprint4.Task0.V1\Tyuiu.DolganovAV.Sprint4.Task0.V1.csproj", "{8B7B3C6F-7073-43D7-9230-905A114DEE2C}"
EndProject
Project("{FAE04EC0-301F-11D3-BF4B-00C04F79EFBC}") = "Tyuiu.DolganovAV.Sprint4.Task0.V1.Lib", "Tyuiu.DolganovAV.Sprint4.Task0.V1.Lib\Tyuiu.DolganovAV.Sprint4.Task0.V1.Lib.csproj", "{607C280F-FB2C-4F9B-BE02-AD36583BB5F8}"
EndProject
Project("{FAE04EC0-301F-11D3-BF4B-00C04F79EFBC}") = "Tyuiu.DolganovAV.Sprint4.Task0.V1.Test", "Tyuiu.DolganovAV.Sprint4.Task0.V1.Test\Tyuiu.DolganovAV.Sprint4.Task0.V1.Test.csproj", "{202CA418-49CA-4EB6-8656-4EC159181F11}"
EndProject
Project("{2150E333-8FDC-42A3-9474-1A3956D46DE8}") = "Task1", "Task1", "{4873BE74-CFBB-418E-A804-791D23632142}"
EndProject
Project("{FAE04EC0-301F-11D3-BF4B-00C04F79EFBC}") = "Tyuiu.DolganovAV.Sprint4.Task1.V21", "Tyuiu.DolganovAV.Sprint4.Task1.V21\Tyuiu.DolganovAV.Sprint4.Task1.V21.csproj", "{6B5FF1EF-E2DA-4416-8183-8A937E4A9C27}"
EndProject
Project("{FAE04EC0-301F-11D3-BF4B-00C04F79EFBC}") = "Tyuiu.DolganovAV.Sprint4.Task1.V21.Lib", "Tyuiu.DolganovAV.Sprint4.Task1.V21.Lib\Tyuiu.DolganovAV.Sprint4.Task1.V21.Lib.csproj", "{1D93CFEA-3557-4387-BFA4-9DE5478B8E49}"
EndProject
Project("{FAE04EC0-301F-11D3-BF4B-00C04F79EFBC}") = "Tyuiu.DolganovAV.Sprint4.Task1.V21.Test", "Tyuiu.DolganovAV.Sprint4.Task1.V21.Test\Tyuiu.DolganovAV.Sprint4.Task1.V21.Test.csproj", "{0B4082AC-9EF8-41D3-A9ED-5914CCD8EB24}"
EndProject
Project("{2150E333-8FDC-42A3-9474-1A3956D46DE8}") = "Task2", "Task2", "{3B36B931-5E9B-4E3F-966D-D140F5D3F42E}"
EndProject
Project("{FAE04EC0-301F-11D3-BF4B-00C04F79EFBC}") = "Tyuiu.DolganovAV.Sprint4.Task2.V3", "Tyuiu.DolganovAV.Sprint4.Task2.V3\Tyuiu.DolganovAV.Sprint4.Task2.V3.csproj", "{D597DF70-196A-47B1-B3B4-8B6A623ACD2B}"
EndProject
Project("{FAE04EC0-301F-11D3-BF4B-00C04F79EFBC}") = "Tyuiu.DolganovAV.Sprint4.Task2.V3.Lib", "Tyuiu.DolganovAV.Sprint4.Task2.V3.Lib\Tyuiu.DolganovAV.Sprint4.Task2.V3.Lib.csproj", "{12710382-6741-4D20-8995-8B500BF0F2D0}"
EndProject
Project("{FAE04EC0-301F-11D3-BF4B-00C04F79EFBC}") = "Tyuiu.DolganovAV.Sprint4.Task2.V3.Test", "Tyuiu.DolganovAV.Sprint4.Task2.V3.Test\Tyuiu.DolganovAV.Sprint4.Task2.V3.Test.csproj", "{77D12358-393C-4598-B076-D4C3A29E58C7}"
EndProject
Project("{2150E333-8FDC-42A3-9474-1A3956D46DE8}") = "Task3", "Task3", "{8215006B-241E-4C78-A438-5A004344E71A}"
EndProject
Project("{FAE04EC0-301F-11D3-BF4B-00C04F79EFBC}") = "Tyuiu.DolganovAV.Sprint4.Task3.V29", "Tyuiu.DolganovAV.Sprint4.Task3.V29\Tyuiu.DolganovAV.Sprint4.Task3.V29.csproj", "{F2EEA270-1246-4C46-822E-2AC8F8C2E943}"
EndProject
Project("{FAE04EC0-301F-11D3-BF4B-00C04F79EFBC}") = "Tyuiu.DolganovAV.Sprint4.Task3.V29.Lib", "Tyuiu.DolganovAV.Sprint4.Task3.V29.Lib\Tyuiu.DolganovAV.Sprint4.Task3.V29.Lib.csproj", "{4DEA0875-806C-4711-BBBA-169041821172}"
EndProject
Project("{FAE04EC0-301F-11D3-BF4B-00C04F79EFBC}") = "Tyuiu.DolganovAV.Sprint4.Task3.V29.Test", "Tyuiu.DolganovAV.Sprint4.Task3.V29.Test\Tyuiu.DolganovAV.Sprint4.Task3.V29.Test.csproj", "{27F298FD-25A8-435F-B6B1-C5C427286421}"
EndProject
Global
	GlobalSection(SolutionConfigurationPlatforms) = preSolution
		Debug|Any CPU = Debug|Any CPU
		Release|Any CPU = Release|Any CPU
	EndGlobalSection
	GlobalSection(ProjectConfigurationPlatforms) = postSolution
		{8B7B3C6F-7073-43D7-9230-905A114DEE2C}.Debug|Any CPU.ActiveCfg = Debug|Any CPU
		{8B7B3C6F-7073-43D7-9230-905A114DEE2C}.Debug|Any CPU.Build.0 = Debug|Any CPU
		{8B7B3C6F-7073-43D7-9230-905A114DEE2C}.Release|Any CPU.ActiveCfg = Release|Any CPU
		{8B7B3C6F-7073-43D7-9230-905A114DEE2C}.Release|Any CPU.Build.0 = Release|Any CPU
		{607C280F-FB2C-4F9B-BE02-AD36583BB5F8}.Debug|Any CPU.ActiveCfg = Debug|Any CPU
		{607C280F-FB2C-4F9B-BE02-AD36583BB5F8}.Debug|Any CPU.Build.0 = Debug|Any CPU
		{607C280F-FB2C-4F9B-BE02-AD36583BB5F8}.Release|Any CPU.ActiveCfg = Release|Any CPU
		{607C280F-FB2C-4F9B-BE02-AD36583BB5F8}.Release|Any CPU.Build.0 = Release|Any CPU
		{202CA418-49CA-4EB6-8656-4EC159181F11}.Debug|Any CPU.ActiveCfg = Debug|Any CPU
		{202CA418-49CA-4EB6-8656-4EC159181F11}.Debug|Any CPU.Build.0 = Debug|Any CPU
		{202CA418-49CA-4EB6-8656-4EC159181F11}.Release|Any CPU.ActiveCfg = Release|Any CPU
		{202CA418-49CA-4EB6-8656-4EC159181F11}.Release|Any CPU.Build.0 = Release|Any CPU
		{6B5FF1EF-E2DA-4416-8183-8A937E4A9C27}.Debug|Any CPU.ActiveCfg = Debug|Any CPU
		{6B5FF1EF-E2DA-4416-8183-8A937E4A9C27}.Debug|Any CPU.Build.0 = Debug|Any CPU
		{6B5FF1EF-E2DA-4416-8183-8A937E4A9C27}.Release|Any CPU.ActiveCfg = Release|Any CPU
		{6B5FF1EF-E2DA-4416-8183-8A937E4A9C27}.Release|Any CPU.Build.0 = Release|Any CPU
		{1D93CFEA-3557-4387-BFA4-9DE5478B8E49}.Debug|Any CPU.ActiveCfg = Debug|Any CPU
		{1D93CFEA-3557-4387-BFA4-9DE5478B8E49}.Debug|Any CPU.Build.0 = Debug|Any CPU
		{1D93CFEA-3557-4387-BFA4-9DE5478B8E49}.Release|Any CPU.ActiveCfg = Release|Any CPU
		{1D93CFEA-3557-4387-BFA4-9DE5478B8E49}.Release|Any CPU.Build.0 = Release|Any CPU
		{0B4082AC-9EF8-41D3-A9ED-5914CCD8EB24}.Debug|Any CPU.ActiveCfg = Debug|Any CPU
		{0B4082AC-9EF8-41D3-A9ED-5914CCD8EB24}.Debug|Any CPU.Build.0 = Debug|Any CPU
		{0B4082AC-9EF8-41D3-A9ED-5914CCD8EB24}.Release|Any CPU.ActiveCfg = Release|Any CPU
		{0B4082AC-9EF8-41D3-A9ED-5914CCD8EB24}.Release|Any CPU.Build.0 = Release|Any CPU
		{D597DF70-196A-47B1-B3B4-8B6A623ACD2B}.Debug|Any CPU.ActiveCfg = Debug|Any CPU
		{D597DF70-196A-47B1-B3B4-8B6A623ACD2B}.Debug|Any CPU.Build.0 = Debug|Any CPU
		{D597DF70-196A-47B1-B3B4-8B6A623ACD2B}.Release|Any CPU.ActiveCfg = Release|Any CPU
		{D597DF70-196A-47B1-B3B4-8B6A623ACD2B}.Release|Any CPU.Build.0 = Release|Any CPU
		{12710382-6741-4D20-8995-8B500BF0F2D0}.Debug|Any CPU.ActiveCfg = Debug|Any CPU
		{12710382-6741-4D20-8995-8B500BF0F2D0}.Debug|Any CPU.Build.0 = Debug|Any CPU
		{12710382-6741-4D20-8995-8B500BF0F2D0}.Release|Any CPU.ActiveCfg = Release|Any CPU
		{12710382-6741-4D20-8995-8B500BF0F2D0}.Release|Any CPU.Build.0 = Release|Any CPU
		{77D12358-393C-4598-B076-D4C3A29E58C7}.Debug|Any CPU.ActiveCfg = Debug|Any CPU
		{77D12358-393C-4598-B076-D4C3A29E58C7}.Debug|Any CPU.Build.0 = Debug|Any CPU
		{77D12358-393C-4598-B076-D4C3A29E58C7}.Release|Any CPU.ActiveCfg = Release|Any CPU
		{77D12358-393C-4598-B076-D4C3A29E58C7}.Release|Any CPU.Build.0 = Release|Any CPU
		{F2EEA270-1246-4C46-822E-2AC8F8C2E943}.Debug|Any CPU.ActiveCfg = Debug|Any CPU
		{F2EEA270-1246-4C46-822E-2AC8F8C2E943}.Debug|Any CPU.Build.0 = Debug|Any CPU
		{F2EEA270-1246-4C46-822E-2AC8F8C2E943}.Release|Any CPU.ActiveCfg = Release|Any CPU
		{F2EEA270-1246-4C46-822E-2AC8F8C2E943}.Release|Any CPU.Build.0 = Release|Any CPU
		{4DEA0875-806C-4711-BBBA-169041821172}.Debug|Any CPU.ActiveCfg = Debug|Any CPU
		{4DEA0875-806C-4711-BBBA-169041821172}.Debug|Any CPU.Build.0 = Debug|Any CPU
		{4DEA0875-806C-4711-BBBA-169041821172}.Release|Any CPU.ActiveCfg = Release|Any CPU
		{4DEA0875-806C-4711-BBBA-169041821172}.Release|Any CPU.Build.0 = Release|Any CPU
		{27F298FD-25A8-435F-B6B1-C5C427286421}.Debug|Any CPU.ActiveCfg = Debug|Any CPU
		{27F298FD-25A8-435F-B6B1-C5C427286421}.Debug|Any CPU.Build.0 = Debug|Any CPU
		{27F298FD-25A8-435F-B6B1-C5C427286421}.Release|Any CPU.ActiveCfg = Release|Any CPU
		{27F298FD-25A8-435F-B6B1-C5C427286421}.Release|Any CPU.Build.0 = Release|Any CPU
	EndGlobalSection
	GlobalSection(SolutionProperties) = preSolution
		HideSolutionNode = FALSE
	EndGlobalSection
	GlobalSection(NestedProjects) = preSolution
		{8B7B3C6F-7073-43D7-9230-905A114DEE2C} = {02EA681E-C7D8-13C7-8484-4AC65E1B71E8}
		{607C280F-FB2C-4F9B-BE02-AD36583BB5F8} = {02EA681E-C7D8-13C7-8484-4AC65E1B71E8}
		{202CA418-49CA-4EB6-8656-4EC159181F11} = {02EA681E-C7D8-13C7-8484-4AC65E1B71E8}
		{6B5FF1EF-E2DA-4416-8183-8A937E4A9C27} = {4873BE74-CFBB-418E-A804-791D23632142}
		{1D93CFEA-3557-4387-BFA4-9DE5478B8E49} = {4873BE74-CFBB-418E-A804-791D23632142}
		{0B4082AC-9EF8-41D3-A9ED-5914CCD8EB24} = {4873BE74-CFBB-418E-A804-791D23632142}
		{D597DF70-196A-47B1-B3B4-8B6A623ACD2B} = {3B36B931-5E9B-4E3F-966D-D140F5D3F42E}
		{12710382-6741-4D20-8995-8B500BF0F2D0} = {3B36B931-5E9B-4E3F-966D-D140F5D3F42E}
		{77D12358-393C-4598-B076-D4C3A29E58C7} = {3B36B931-5E9B-4E3F-966D-D140F5D3F42E}
		{F2EEA270-1246-4C46-822E-2AC8F8C2E943} = {8215006B-241E-4C78-A438-5A004344E71A}
		{4DEA0875-806C-4711-BBBA-169041821172} = {8215006B-241E-4C78-A438-5A004344E71A}
		{27F298FD-25A8-435F-B6B1-C5C427286421} = {8215006B-241E-4C78-A438-5A004344E71A}
	EndGlobalSection
	GlobalSection(ExtensibilityGlobals) = postSolution
		SolutionGuid = {C4385B0D-8F9F-4BBB-B08E-D568DD2EE564}
	EndGlobalSection
EndGlobal
