
Microsoft Visual Studio Solution File, Format Version 12.00
# Visual Studio Version 17
VisualStudioVersion = 17.14.36511.14 d17.14
MinimumVisualStudioVersion = 10.0.40219.1
Project("{2150E333-8FDC-42A3-9474-1A3956D46DE8}") = "Task0", "Task0", "{02EA681E-C7D8-13C7-8484-4AC65E1B71E8}"
EndProject
Project("{FAE04EC0-301F-11D3-BF4B-00C04F79EFBC}") = "asd", "asd\asd.csproj", "{9C74D675-71D5-44A4-AEDE-B6DBAC5F9838}"
EndProject
Project("{FAE04EC0-301F-11D3-BF4B-00C04F79EFBC}") = "Tyuiu.DolganovAV.Sprint4.Task0.V1", "Tyuiu.DolganovAV.Sprint4.Task0.V1\Tyuiu.DolganovAV.Sprint4.Task0.V1.csproj", "{8B7B3C6F-7073-43D7-9230-905A114DEE2C}"
EndProject
Project("{FAE04EC0-301F-11D3-BF4B-00C04F79EFBC}") = "Tyuiu.DolganovAV.Sprint4.Task0.V1.Lib", "Tyuiu.DolganovAV.Sprint4.Task0.V1.Lib\Tyuiu.DolganovAV.Sprint4.Task0.V1.Lib.csproj", "{607C280F-FB2C-4F9B-BE02-AD36583BB5F8}"
EndProject
Project("{FAE04EC0-301F-11D3-BF4B-00C04F79EFBC}") = "Tyuiu.DolganovAV.Sprint4.Task0.V1.Test", "Tyuiu.DolganovAV.Sprint4.Task0.V1.Test\Tyuiu.DolganovAV.Sprint4.Task0.V1.Test.csproj", "{202CA418-49CA-4EB6-8656-4EC159181F11}"
EndProject
Global
	GlobalSection(SolutionConfigurationPlatforms) = preSolution
		Debug|Any CPU = Debug|Any CPU
		Release|Any CPU = Release|Any CPU
	EndGlobalSection
	GlobalSection(ProjectConfigurationPlatforms) = postSolution
		{9C74D675-71D5-44A4-AEDE-B6DBAC5F9838}.Debug|Any CPU.ActiveCfg = Debug|Any CPU
		{9C74D675-71D5-44A4-AEDE-B6DBAC5F9838}.Debug|Any CPU.Build.0 = Debug|Any CPU
		{9C74D675-71D5-44A4-AEDE-B6DBAC5F9838}.Release|Any CPU.ActiveCfg = Release|Any CPU
		{9C74D675-71D5-44A4-AEDE-B6DBAC5F9838}.Release|Any CPU.Build.0 = Release|Any CPU
		{8B7B3C6F-7073-43D7-9230-905A114DEE2C}.Debug|Any CPU.ActiveCfg = Debug|Any CPU
		{8B7B3C6F-7073-43D7-9230-905A114DEE2C}.Debug|Any CPU.Build.0 = Debug|Any CPU
		{8B7B3C6F-7073-43D7-9230-905A114DEE2C}.Release|Any CPU.ActiveCfg = Release|Any CPU
		{8B7B3C6F-7073-43D7-9230-905A114DEE2C}.Release|Any CPU.Build.0 = Release|Any CPU
		{607C280F-FB2C-4F9B-BE02-AD36583BB5F8}.Debug|Any CPU.ActiveCfg = Debug|Any CPU
		{607C280F-FB2C-4F9B-BE02-AD36583BB5F8}.Debug|Any CPU.Build.0 = Debug|Any CPU
		{607C280F-FB2C-4F9B-BE02-AD36583BB5F8}.Release|Any CPU.ActiveCfg = Release|Any CPU
		{607C280F-FB2C-4F9B-BE02-AD36583BB5F8}.Release|Any CPU.Build.0 = Release|Any CPU
		{202CA418-49CA-4EB6-8656-4EC159181F11}.Debug|Any CPU.ActiveCfg = Debug|Any CPU
		{202CA418-49CA-4EB6-8656-4EC159181F11}.Debug|Any CPU.Build.0 = Debug|Any CPU
		{202CA418-49CA-4EB6-8656-4EC159181F11}.Release|Any CPU.ActiveCfg = Release|Any CPU
		{202CA418-49CA-4EB6-8656-4EC159181F11}.Release|Any CPU.Build.0 = Release|Any CPU
	EndGlobalSection
	GlobalSection(SolutionProperties) = preSolution
		HideSolutionNode = FALSE
	EndGlobalSection
	GlobalSection(NestedProjects) = preSolution
		{8B7B3C6F-7073-43D7-9230-905A114DEE2C} = {02EA681E-C7D8-13C7-8484-4AC65E1B71E8}
		{607C280F-FB2C-4F9B-BE02-AD36583BB5F8} = {02EA681E-C7D8-13C7-8484-4AC65E1B71E8}
		{202CA418-49CA-4EB6-8656-4EC159181F11} = {02EA681E-C7D8-13C7-8484-4AC65E1B71E8}
	EndGlobalSection
	GlobalSection(ExtensibilityGlobals) = postSolution
		SolutionGuid = {C4385B0D-8F9F-4BBB-B08E-D568DD2EE564}
	EndGlobalSection
EndGlobal
