
Microsoft Visual Studio Solution File, Format Version 12.00
# Visual Studio Version 17
VisualStudioVersion = 17.14.36511.14
MinimumVisualStudioVersion = 10.0.40219.1
Project("{2150E333-8FDC-42A3-9474-1A3956D46DE8}") = "Task0", "Task0", "{02EA681E-C7D8-13C7-8484-4AC65E1B71E8}"
EndProject
Project("{FAE04EC0-301F-11D3-BF4B-00C04F79EFBC}") = "Tyuiu.DolganovAV.Sprint4.Task0.V1", "Tyuiu.DolganovAV.Sprint4.Task0.V1\Tyuiu.DolganovAV.Sprint4.Task0.V1.csproj", "{8B7B3C6F-7073-43D7-9230-905A114DEE2C}"
EndProject
Project("{FAE04EC0-301F-11D3-BF4B-00C04F79EFBC}") = "Tyuiu.DolganovAV.Sprint4.Task0.V1.Lib", "Tyuiu.DolganovAV.Sprint4.Task0.V1.Lib\Tyuiu.DolganovAV.Sprint4.Task0.V1.Lib.csproj", "{607C280F-FB2C-4F9B-BE02-AD36583BB5F8}"
EndProject
Project("{FAE04EC0-301F-11D3-BF4B-00C04F79EFBC}") = "Tyuiu.DolganovAV.Sprint4.Task0.V1.Test", "Tyuiu.DolganovAV.Sprint4.Task0.V1.Test\Tyuiu.DolganovAV.Sprint4.Task0.V1.Test.csproj", "{202CA418-49CA-4EB6-8656-4EC159181F11}"
EndProject
Project("{2150E333-8FDC-42A3-9474-1A3956D46DE8}") = "Task1", "Task1", "{4873BE74-CFBB-418E-A804-791D23632142}"
EndProject
Project("{FAE04EC0-301F-11D3-BF4B-00C04F79EFBC}") = "Tyuiu.DolganovAV.Sprint4.Task1.V21", "Tyuiu.DolganovAV.Sprint4.Task1.V21\Tyuiu.DolganovAV.Sprint4.Task1.V21.csproj", "{6B5FF1EF-E2DA-4416-8183-8A937E4A9C27}"
EndProject
Project("{FAE04EC0-301F-11D3-BF4B-00C04F79EFBC}") = "Tyuiu.DolganovAV.Sprint4.Task1.V21.Lib", "Tyuiu.DolganovAV.Sprint4.Task1.V21.Lib\Tyuiu.DolganovAV.Sprint4.Task1.V21.Lib.csproj", "{1D93CFEA-3557-4387-BFA4-9DE5478B8E49}"
EndProject
Project("{FAE04EC0-301F-11D3-BF4B-00C04F79EFBC}") = "Tyuiu.DolganovAV.Sprint4.Task1.V21.Test", "Tyuiu.DolganovAV.Sprint4.Task1.V21.Test\Tyuiu.DolganovAV.Sprint4.Task1.V21.Test.csproj", "{0B4082AC-9EF8-41D3-A9ED-5914CCD8EB24}"
EndProject
Project("{2150E333-8FDC-42A3-9474-1A3956D46DE8}") = "Task2", "Task2", "{3B36B931-5E9B-4E3F-966D-D140F5D3F42E}"
EndProject
Project("{FAE04EC0-301F-11D3-BF4B-00C04F79EFBC}") = "Tyuiu.DolganovAV.Sprint4.Task2.V3", "Tyuiu.DolganovAV.Sprint4.Task2.V3\Tyuiu.DolganovAV.Sprint4.Task2.V3.csproj", "{D597DF70-196A-47B1-B3B4-8B6A623ACD2B}"
EndProject
Project("{FAE04EC0-301F-11D3-BF4B-00C04F79EFBC}") = "Tyuiu.DolganovAV.Sprint4.Task2.V3.Lib", "Tyuiu.DolganovAV.Sprint4.Task2.V3.Lib\Tyuiu.DolganovAV.Sprint4.Task2.V3.Lib.csproj", "{12710382-6741-4D20-8995-8B500BF0F2D0}"
EndProject
Project("{FAE04EC0-301F-11D3-BF4B-00C04F79EFBC}") = "Tyuiu.DolganovAV.Sprint4.Task2.V3.Test", "Tyuiu.DolganovAV.Sprint4.Task2.V3.Test\Tyuiu.DolganovAV.Sprint4.Task2.V3.Test.csproj", "{77D12358-393C-4598-B076-D4C3A29E58C7}"
EndProject
Project("{2150E333-8FDC-42A3-9474-1A3956D46DE8}") = "Task3", "Task3", "{8215006B-241E-4C78-A438-5A004344E71A}"
EndProject
Project("{FAE04EC0-301F-11D3-BF4B-00C04F79EFBC}") = "Tyuiu.DolganovAV.Sprint4.Task3.V29", "Tyuiu.DolganovAV.Sprint4.Task3.V29\Tyuiu.DolganovAV.Sprint4.Task3.V29.csproj", "{F2EEA270-1246-4C46-822E-2AC8F8C2E943}"
EndProject
Project("{FAE04EC0-301F-11D3-BF4B-00C04F79EFBC}") = "Tyuiu.DolganovAV.Sprint4.Task3.V29.Lib", "Tyuiu.DolganovAV.Sprint4.Task3.V29.Lib\Tyuiu.DolganovAV.Sprint4.Task3.V29.Lib.csproj", "{4DEA0875-806C-4711-BBBA-169041821172}"
EndProject
Project("{FAE04EC0-301F-11D3-BF4B-00C04F79EFBC}") = "Tyuiu.DolganovAV.Sprint4.Task3.V29.Test", "Tyuiu.DolganovAV.Sprint4.Task3.V29.Test\Tyuiu.DolganovAV.Sprint4.Task3.V29.Test.csproj", "{27F298FD-25A8-435F-B6B1-C5C427286421}"
EndProject
Project("{2150E333-8FDC-42A3-9474-1A3956D46DE8}") = "Task4", "Task4", "{52DD1619-D211-4EA8-AAEC-3599580328B5}"
EndProject
Project("{FAE04EC0-301F-11D3-BF4B-00C04F79EFBC}") = "Tyuiu.DolganovAV.Sprint4.Task4.V2.Lib", "Tyuiu.DolganovAV.Sprint4.Task4.V2.Lib\Tyuiu.DolganovAV.Sprint4.Task4.V2.Lib.csproj", "{819F0AEB-2A70-4D3F-991C-A206A229BB68}"
EndProject
Project("{FAE04EC0-301F-11D3-BF4B-00C04F79EFBC}") = "Tyuiu.DolganovAV.Sprint4.Task4.V2", "Tyuiu.DolganovAV.Sprint4.Task4.V2\Tyuiu.DolganovAV.Sprint4.Task4.V2.csproj", "{A86B47BE-2193-4008-946C-CDADDEF192AA}"
EndProject
Project("{FAE04EC0-301F-11D3-BF4B-00C04F79EFBC}") = "Tyuiu.DolganovAV.Sprint4.Task4.V2.Test", "Tyuiu.DolganovAV.Sprint4.Task4.V2.Test\Tyuiu.DolganovAV.Sprint4.Task4.V2.Test.csproj", "{66556E4D-625D-4A0E-8A1D-4E0F4B90E157}"
EndProject
Project("{FAE04EC0-301F-11D3-BF4B-00C04F79EFBC}") = "Tyuiu.DolganovAV.Sprint4.Task5.V25", "Tyuiu.DolganovAV.Sprint4.Task5.V25\Tyuiu.DolganovAV.Sprint4.Task5.V25.csproj", "{E2D9647E-1918-4908-9EA6-7C82C197BA51}"
EndProject
Project("{2150E333-8FDC-42A3-9474-1A3956D46DE8}") = "Task5", "Task5", "{7BF90F92-D8F3-4A8E-A0F3-F59B8CCC4DBC}"
EndProject
Project("{FAE04EC0-301F-11D3-BF4B-00C04F79EFBC}") = "Tyuiu.DolganovAV.Sprint4.Task5.V25.Lib", "Tyuiu.DolganovAV.Sprint4.Task5.V25.Lib\Tyuiu.DolganovAV.Sprint4.Task5.V25.Lib.csproj", "{7462DBBA-D8E6-46B7-A4D3-AA5A378D59F6}"
EndProject
Project("{FAE04EC0-301F-11D3-BF4B-00C04F79EFBC}") = "Tyuiu.DolganovAV.Sprint4.Task5.V25.Test", "Tyuiu.DolganovAV.Sprint4.Task5.V25.Test\Tyuiu.DolganovAV.Sprint4.Task5.V25.Test.csproj", "{34CB5AAE-EA90-4B30-8871-6CC8E15EFA43}"
EndProject
Project("{2150E333-8FDC-42A3-9474-1A3956D46DE8}") = "Task6", "Task6", "{97C14EC0-D675-45D9-86CD-055DD0CA5BF3}"
EndProject
Project("{FAE04EC0-301F-11D3-BF4B-00C04F79EFBC}") = "Tyuiu.DolganovAV.Sprint4.Task6.V5", "Tyuiu.DolganovAV.Sprint4.Task6.V5\Tyuiu.DolganovAV.Sprint4.Task6.V5.csproj", "{3758759C-9FEA-4C3F-BAC8-90383DDD785D}"
EndProject
Project("{FAE04EC0-301F-11D3-BF4B-00C04F79EFBC}") = "Tyuiu.DolganovAV.Sprint4.Task6.V5.Test", "Tyuiu.DolganovAV.Sprint4.Task6.V5.Test\Tyuiu.DolganovAV.Sprint4.Task6.V5.Test.csproj", "{8D16C92F-BF84-401F-9C38-1296C10B7402}"
EndProject
Project("{FAE04EC0-301F-11D3-BF4B-00C04F79EFBC}") = "Tyuiu.DolganovAV.Sprint4.Task6.V5.Lib", "Tyuiu.DolganovAV.Sprint4.Task6.V5.Lib\Tyuiu.DolganovAV.Sprint4.Task6.V5.Lib.csproj", "{0B1505D5-E128-4959-8254-D91FA5187D6E}"
EndProject
Project("{2150E333-8FDC-42A3-9474-1A3956D46DE8}") = "Task7", "Task7", "{CD408211-0660-4C9C-BAFD-4C9E78F0F1B8}"
EndProject
Project("{FAE04EC0-301F-11D3-BF4B-00C04F79EFBC}") = "Tyuiu.DolganovAV.Sprint4.Task7.V29", "Tyuiu.DolganovAV.Sprint4.Task7.V29\Tyuiu.DolganovAV.Sprint4.Task7.V29.csproj", "{D129BC6F-66ED-46C4-B3A0-B46E6403695A}"
EndProject
Project("{FAE04EC0-301F-11D3-BF4B-00C04F79EFBC}") = "Tyuiu.DolganovAV.Sprint4.Task7.V29.Lib", "Tyuiu.DolganovAV.Sprint4.Task7.V29.Lib\Tyuiu.DolganovAV.Sprint4.Task7.V29.Lib.csproj", "{07643D4E-A26F-4BAF-B209-14A64E942B46}"
EndProject
Project("{FAE04EC0-301F-11D3-BF4B-00C04F79EFBC}") = "Tyuiu.DolganovAV.Sprint4.Task7.V29.Test", "Tyuiu.DolganovAV.Sprint4.Task7.V29.Test\Tyuiu.DolganovAV.Sprint4.Task7.V29.Test.csproj", "{E52092D7-7342-4102-9FE0-2866D70A3BA2}"
EndProject
Global
	GlobalSection(SolutionConfigurationPlatforms) = preSolution
		Debug|Any CPU = Debug|Any CPU
		Release|Any CPU = Release|Any CPU
	EndGlobalSection
	GlobalSection(ProjectConfigurationPlatforms) = postSolution
		{8B7B3C6F-7073-43D7-9230-905A114DEE2C}.Debug|Any CPU.ActiveCfg = Debug|Any CPU
		{8B7B3C6F-7073-43D7-9230-905A114DEE2C}.Debug|Any CPU.Build.0 = Debug|Any CPU
		{8B7B3C6F-7073-43D7-9230-905A114DEE2C}.Release|Any CPU.ActiveCfg = Release|Any CPU
		{8B7B3C6F-7073-43D7-9230-905A114DEE2C}.Release|Any CPU.Build.0 = Release|Any CPU
		{607C280F-FB2C-4F9B-BE02-AD36583BB5F8}.Debug|Any CPU.ActiveCfg = Debug|Any CPU
		{607C280F-FB2C-4F9B-BE02-AD36583BB5F8}.Debug|Any CPU.Build.0 = Debug|Any CPU
		{607C280F-FB2C-4F9B-BE02-AD36583BB5F8}.Release|Any CPU.ActiveCfg = Release|Any CPU
		{607C280F-FB2C-4F9B-BE02-AD36583BB5F8}.Release|Any CPU.Build.0 = Release|Any CPU
		{202CA418-49CA-4EB6-8656-4EC159181F11}.Debug|Any CPU.ActiveCfg = Debug|Any CPU
		{202CA418-49CA-4EB6-8656-4EC159181F11}.Debug|Any CPU.Build.0 = Debug|Any CPU
		{202CA418-49CA-4EB6-8656-4EC159181F11}.Release|Any CPU.ActiveCfg = Release|Any CPU
		{202CA418-49CA-4EB6-8656-4EC159181F11}.Release|Any CPU.Build.0 = Release|Any CPU
		{6B5FF1EF-E2DA-4416-8183-8A937E4A9C27}.Debug|Any CPU.ActiveCfg = Debug|Any CPU
		{6B5FF1EF-E2DA-4416-8183-8A937E4A9C27}.Debug|Any CPU.Build.0 = Debug|Any CPU
		{6B5FF1EF-E2DA-4416-8183-8A937E4A9C27}.Release|Any CPU.ActiveCfg = Release|Any CPU
		{6B5FF1EF-E2DA-4416-8183-8A937E4A9C27}.Release|Any CPU.Build.0 = Release|Any CPU
		{1D93CFEA-3557-4387-BFA4-9DE5478B8E49}.Debug|Any CPU.ActiveCfg = Debug|Any CPU
		{1D93CFEA-3557-4387-BFA4-9DE5478B8E49}.Debug|Any CPU.Build.0 = Debug|Any CPU
		{1D93CFEA-3557-4387-BFA4-9DE5478B8E49}.Release|Any CPU.ActiveCfg = Release|Any CPU
		{1D93CFEA-3557-4387-BFA4-9DE5478B8E49}.Release|Any CPU.Build.0 = Release|Any CPU
		{0B4082AC-9EF8-41D3-A9ED-5914CCD8EB24}.Debug|Any CPU.ActiveCfg = Debug|Any CPU
		{0B4082AC-9EF8-41D3-A9ED-5914CCD8EB24}.Debug|Any CPU.Build.0 = Debug|Any CPU
		{0B4082AC-9EF8-41D3-A9ED-5914CCD8EB24}.Release|Any CPU.ActiveCfg = Release|Any CPU
		{0B4082AC-9EF8-41D3-A9ED-5914CCD8EB24}.Release|Any CPU.Build.0 = Release|Any CPU
		{D597DF70-196A-47B1-B3B4-8B6A623ACD2B}.Debug|Any CPU.ActiveCfg = Debug|Any CPU
		{D597DF70-196A-47B1-B3B4-8B6A623ACD2B}.Debug|Any CPU.Build.0 = Debug|Any CPU
		{D597DF70-196A-47B1-B3B4-8B6A623ACD2B}.Release|Any CPU.ActiveCfg = Release|Any CPU
		{D597DF70-196A-47B1-B3B4-8B6A623ACD2B}.Release|Any CPU.Build.0 = Release|Any CPU
		{12710382-6741-4D20-8995-8B500BF0F2D0}.Debug|Any CPU.ActiveCfg = Debug|Any CPU
		{12710382-6741-4D20-8995-8B500BF0F2D0}.Debug|Any CPU.Build.0 = Debug|Any CPU
		{12710382-6741-4D20-8995-8B500BF0F2D0}.Release|Any CPU.ActiveCfg = Release|Any CPU
		{12710382-6741-4D20-8995-8B500BF0F2D0}.Release|Any CPU.Build.0 = Release|Any CPU
		{77D12358-393C-4598-B076-D4C3A29E58C7}.Debug|Any CPU.ActiveCfg = Debug|Any CPU
		{77D12358-393C-4598-B076-D4C3A29E58C7}.Debug|Any CPU.Build.0 = Debug|Any CPU
		{77D12358-393C-4598-B076-D4C3A29E58C7}.Release|Any CPU.ActiveCfg = Release|Any CPU
		{77D12358-393C-4598-B076-D4C3A29E58C7}.Release|Any CPU.Build.0 = Release|Any CPU
		{F2EEA270-1246-4C46-822E-2AC8F8C2E943}.Debug|Any CPU.ActiveCfg = Debug|Any CPU
		{F2EEA270-1246-4C46-822E-2AC8F8C2E943}.Debug|Any CPU.Build.0 = Debug|Any CPU
		{F2EEA270-1246-4C46-822E-2AC8F8C2E943}.Release|Any CPU.ActiveCfg = Release|Any CPU
		{F2EEA270-1246-4C46-822E-2AC8F8C2E943}.Release|Any CPU.Build.0 = Release|Any CPU
		{4DEA0875-806C-4711-BBBA-169041821172}.Debug|Any CPU.ActiveCfg = Debug|Any CPU
		{4DEA0875-806C-4711-BBBA-169041821172}.Debug|Any CPU.Build.0 = Debug|Any CPU
		{4DEA0875-806C-4711-BBBA-169041821172}.Release|Any CPU.ActiveCfg = Release|Any CPU
		{4DEA0875-806C-4711-BBBA-169041821172}.Release|Any CPU.Build.0 = Release|Any CPU
		{27F298FD-25A8-435F-B6B1-C5C427286421}.Debug|Any CPU.ActiveCfg = Debug|Any CPU
		{27F298FD-25A8-435F-B6B1-C5C427286421}.Debug|Any CPU.Build.0 = Debug|Any CPU
		{27F298FD-25A8-435F-B6B1-C5C427286421}.Release|Any CPU.ActiveCfg = Release|Any CPU
		{27F298FD-25A8-435F-B6B1-C5C427286421}.Release|Any CPU.Build.0 = Release|Any CPU
		{819F0AEB-2A70-4D3F-991C-A206A229BB68}.Debug|Any CPU.ActiveCfg = Debug|Any CPU
		{819F0AEB-2A70-4D3F-991C-A206A229BB68}.Debug|Any CPU.Build.0 = Debug|Any CPU
		{819F0AEB-2A70-4D3F-991C-A206A229BB68}.Release|Any CPU.ActiveCfg = Release|Any CPU
		{819F0AEB-2A70-4D3F-991C-A206A229BB68}.Release|Any CPU.Build.0 = Release|Any CPU
		{A86B47BE-2193-4008-946C-CDADDEF192AA}.Debug|Any CPU.ActiveCfg = Debug|Any CPU
		{A86B47BE-2193-4008-946C-CDADDEF192AA}.Debug|Any CPU.Build.0 = Debug|Any CPU
		{A86B47BE-2193-4008-946C-CDADDEF192AA}.Release|Any CPU.ActiveCfg = Release|Any CPU
		{A86B47BE-2193-4008-946C-CDADDEF192AA}.Release|Any CPU.Build.0 = Release|Any CPU
		{66556E4D-625D-4A0E-8A1D-4E0F4B90E157}.Debug|Any CPU.ActiveCfg = Debug|Any CPU
		{66556E4D-625D-4A0E-8A1D-4E0F4B90E157}.Debug|Any CPU.Build.0 = Debug|Any CPU
		{66556E4D-625D-4A0E-8A1D-4E0F4B90E157}.Release|Any CPU.ActiveCfg = Release|Any CPU
		{66556E4D-625D-4A0E-8A1D-4E0F4B90E157}.Release|Any CPU.Build.0 = Release|Any CPU
		{E2D9647E-1918-4908-9EA6-7C82C197BA51}.Debug|Any CPU.ActiveCfg = Debug|Any CPU
		{E2D9647E-1918-4908-9EA6-7C82C197BA51}.Debug|Any CPU.Build.0 = Debug|Any CPU
		{E2D9647E-1918-4908-9EA6-7C82C197BA51}.Release|Any CPU.ActiveCfg = Release|Any CPU
		{E2D9647E-1918-4908-9EA6-7C82C197BA51}.Release|Any CPU.Build.0 = Release|Any CPU
		{7462DBBA-D8E6-46B7-A4D3-AA5A378D59F6}.Debug|Any CPU.ActiveCfg = Debug|Any CPU
		{7462DBBA-D8E6-46B7-A4D3-AA5A378D59F6}.Debug|Any CPU.Build.0 = Debug|Any CPU
		{7462DBBA-D8E6-46B7-A4D3-AA5A378D59F6}.Release|Any CPU.ActiveCfg = Release|Any CPU
		{7462DBBA-D8E6-46B7-A4D3-AA5A378D59F6}.Release|Any CPU.Build.0 = Release|Any CPU
		{34CB5AAE-EA90-4B30-8871-6CC8E15EFA43}.Debug|Any CPU.ActiveCfg = Debug|Any CPU
		{34CB5AAE-EA90-4B30-8871-6CC8E15EFA43}.Debug|Any CPU.Build.0 = Debug|Any CPU
		{34CB5AAE-EA90-4B30-8871-6CC8E15EFA43}.Release|Any CPU.ActiveCfg = Release|Any CPU
		{34CB5AAE-EA90-4B30-8871-6CC8E15EFA43}.Release|Any CPU.Build.0 = Release|Any CPU
		{3758759C-9FEA-4C3F-BAC8-90383DDD785D}.Debug|Any CPU.ActiveCfg = Debug|Any CPU
		{3758759C-9FEA-4C3F-BAC8-90383DDD785D}.Debug|Any CPU.Build.0 = Debug|Any CPU
		{3758759C-9FEA-4C3F-BAC8-90383DDD785D}.Release|Any CPU.ActiveCfg = Release|Any CPU
		{3758759C-9FEA-4C3F-BAC8-90383DDD785D}.Release|Any CPU.Build.0 = Release|Any CPU
		{8D16C92F-BF84-401F-9C38-1296C10B7402}.Debug|Any CPU.ActiveCfg = Debug|Any CPU
		{8D16C92F-BF84-401F-9C38-1296C10B7402}.Debug|Any CPU.Build.0 = Debug|Any CPU
		{8D16C92F-BF84-401F-9C38-1296C10B7402}.Release|Any CPU.ActiveCfg = Release|Any CPU
		{8D16C92F-BF84-401F-9C38-1296C10B7402}.Release|Any CPU.Build.0 = Release|Any CPU
		{0B1505D5-E128-4959-8254-D91FA5187D6E}.Debug|Any CPU.ActiveCfg = Debug|Any CPU
		{0B1505D5-E128-4959-8254-D91FA5187D6E}.Debug|Any CPU.Build.0 = Debug|Any CPU
		{0B1505D5-E128-4959-8254-D91FA5187D6E}.Release|Any CPU.ActiveCfg = Release|Any CPU
		{0B1505D5-E128-4959-8254-D91FA5187D6E}.Release|Any CPU.Build.0 = Release|Any CPU
		{D129BC6F-66ED-46C4-B3A0-B46E6403695A}.Debug|Any CPU.ActiveCfg = Debug|Any CPU
		{D129BC6F-66ED-46C4-B3A0-B46E6403695A}.Debug|Any CPU.Build.0 = Debug|Any CPU
		{D129BC6F-66ED-46C4-B3A0-B46E6403695A}.Release|Any CPU.ActiveCfg = Release|Any CPU
		{D129BC6F-66ED-46C4-B3A0-B46E6403695A}.Release|Any CPU.Build.0 = Release|Any CPU
		{07643D4E-A26F-4BAF-B209-14A64E942B46}.Debug|Any CPU.ActiveCfg = Debug|Any CPU
		{07643D4E-A26F-4BAF-B209-14A64E942B46}.Debug|Any CPU.Build.0 = Debug|Any CPU
		{07643D4E-A26F-4BAF-B209-14A64E942B46}.Release|Any CPU.ActiveCfg = Release|Any CPU
		{07643D4E-A26F-4BAF-B209-14A64E942B46}.Release|Any CPU.Build.0 = Release|Any CPU
		{E52092D7-7342-4102-9FE0-2866D70A3BA2}.Debug|Any CPU.ActiveCfg = Debug|Any CPU
		{E52092D7-7342-4102-9FE0-2866D70A3BA2}.Debug|Any CPU.Build.0 = Debug|Any CPU
		{E52092D7-7342-4102-9FE0-2866D70A3BA2}.Release|Any CPU.ActiveCfg = Release|Any CPU
		{E52092D7-7342-4102-9FE0-2866D70A3BA2}.Release|Any CPU.Build.0 = Release|Any CPU
	EndGlobalSection
	GlobalSection(SolutionProperties) = preSolution
		HideSolutionNode = FALSE
	EndGlobalSection
	GlobalSection(NestedProjects) = preSolution
		{8B7B3C6F-7073-43D7-9230-905A114DEE2C} = {02EA681E-C7D8-13C7-8484-4AC65E1B71E8}
		{607C280F-FB2C-4F9B-BE02-AD36583BB5F8} = {02EA681E-C7D8-13C7-8484-4AC65E1B71E8}
		{202CA418-49CA-4EB6-8656-4EC159181F11} = {02EA681E-C7D8-13C7-8484-4AC65E1B71E8}
		{6B5FF1EF-E2DA-4416-8183-8A937E4A9C27} = {4873BE74-CFBB-418E-A804-791D23632142}
		{1D93CFEA-3557-4387-BFA4-9DE5478B8E49} = {4873BE74-CFBB-418E-A804-791D23632142}
		{0B4082AC-9EF8-41D3-A9ED-5914CCD8EB24} = {4873BE74-CFBB-418E-A804-791D23632142}
		{D597DF70-196A-47B1-B3B4-8B6A623ACD2B} = {3B36B931-5E9B-4E3F-966D-D140F5D3F42E}
		{12710382-6741-4D20-8995-8B500BF0F2D0} = {3B36B931-5E9B-4E3F-966D-D140F5D3F42E}
		{77D12358-393C-4598-B076-D4C3A29E58C7} = {3B36B931-5E9B-4E3F-966D-D140F5D3F42E}
		{F2EEA270-1246-4C46-822E-2AC8F8C2E943} = {8215006B-241E-4C78-A438-5A004344E71A}
		{4DEA0875-806C-4711-BBBA-169041821172} = {8215006B-241E-4C78-A438-5A004344E71A}
		{27F298FD-25A8-435F-B6B1-C5C427286421} = {8215006B-241E-4C78-A438-5A004344E71A}
		{819F0AEB-2A70-4D3F-991C-A206A229BB68} = {52DD1619-D211-4EA8-AAEC-3599580328B5}
		{A86B47BE-2193-4008-946C-CDADDEF192AA} = {52DD1619-D211-4EA8-AAEC-3599580328B5}
		{66556E4D-625D-4A0E-8A1D-4E0F4B90E157} = {52DD1619-D211-4EA8-AAEC-3599580328B5}
		{E2D9647E-1918-4908-9EA6-7C82C197BA51} = {7BF90F92-D8F3-4A8E-A0F3-F59B8CCC4DBC}
		{7462DBBA-D8E6-46B7-A4D3-AA5A378D59F6} = {7BF90F92-D8F3-4A8E-A0F3-F59B8CCC4DBC}
		{34CB5AAE-EA90-4B30-8871-6CC8E15EFA43} = {7BF90F92-D8F3-4A8E-A0F3-F59B8CCC4DBC}
		{3758759C-9FEA-4C3F-BAC8-90383DDD785D} = {97C14EC0-D675-45D9-86CD-055DD0CA5BF3}
		{8D16C92F-BF84-401F-9C38-1296C10B7402} = {97C14EC0-D675-45D9-86CD-055DD0CA5BF3}
		{0B1505D5-E128-4959-8254-D91FA5187D6E} = {97C14EC0-D675-45D9-86CD-055DD0CA5BF3}
		{D129BC6F-66ED-46C4-B3A0-B46E6403695A} = {CD408211-0660-4C9C-BAFD-4C9E78F0F1B8}
		{07643D4E-A26F-4BAF-B209-14A64E942B46} = {CD408211-0660-4C9C-BAFD-4C9E78F0F1B8}
		{E52092D7-7342-4102-9FE0-2866D70A3BA2} = {CD408211-0660-4C9C-BAFD-4C9E78F0F1B8}
	EndGlobalSection
	GlobalSection(ExtensibilityGlobals) = postSolution
		SolutionGuid = {C4385B0D-8F9F-4BBB-B08E-D568DD2EE564}
	EndGlobalSection
EndGlobal
